Microsoft Visual Studio Solution File, Format Version 12.00
# Visual Studio 15
VisualStudioVersion = 15.0.27004.2006
MinimumVisualStudioVersion = 15.0.26124.0
Project("{9A19103F-16F7-4668-BE54-9A1E7A4F7556}") = "Bank.Console", "Bank.Console\Bank.Console.csproj", "{DC8B84D9-CCEF-44AD-8F9E-1536E287AE19}"
EndProject
Project("{9A19103F-16F7-4668-BE54-9A1E7A4F7556}") = "BankingSystem.ClassLib", "Bank.ClassLib\BankingSystem.ClassLib.csproj", "{BA99BC00-6B45-46E4-8B64-70719A628257}"
EndProject
Project("{FAE04EC0-301F-11D3-BF4B-00C04F79EFBC}") = "Tests", "Tests\Tests.csproj", "{9AE11C67-9D01-483C-B028-9C41C2879962}"
EndProject
Global
	GlobalSection(SolutionConfigurationPlatforms) = preSolution
		Debug|Any CPU = Debug|Any CPU
		Debug|x64 = Debug|x64
		Debug|x86 = Debug|x86
		Release|Any CPU = Release|Any CPU
		Release|x64 = Release|x64
		Release|x86 = Release|x86
	EndGlobalSection
	GlobalSection(ProjectConfigurationPlatforms) = postSolution
		{DC8B84D9-CCEF-44AD-8F9E-1536E287AE19}.Debug|Any CPU.ActiveCfg = Debug|Any CPU
		{DC8B84D9-CCEF-44AD-8F9E-1536E287AE19}.Debug|Any CPU.Build.0 = Debug|Any CPU
		{DC8B84D9-CCEF-44AD-8F9E-1536E287AE19}.Debug|x64.ActiveCfg = Debug|Any CPU
		{DC8B84D9-CCEF-44AD-8F9E-1536E287AE19}.Debug|x64.Build.0 = Debug|Any CPU
		{DC8B84D9-CCEF-44AD-8F9E-1536E287AE19}.Debug|x86.ActiveCfg = Debug|Any CPU
		{DC8B84D9-CCEF-44AD-8F9E-1536E287AE19}.Debug|x86.Build.0 = Debug|Any CPU
		{DC8B84D9-CCEF-44AD-8F9E-1536E287AE19}.Release|Any CPU.ActiveCfg = Release|Any CPU
		{DC8B84D9-CCEF-44AD-8F9E-1536E287AE19}.Release|Any CPU.Build.0 = Release|Any CPU
		{DC8B84D9-CCEF-44AD-8F9E-1536E287AE19}.Release|x64.ActiveCfg = Release|Any CPU
		{DC8B84D9-CCEF-44AD-8F9E-1536E287AE19}.Release|x64.Build.0 = Release|Any CPU
		{DC8B84D9-CCEF-44AD-8F9E-1536E287AE19}.Release|x86.ActiveCfg = Release|Any CPU
		{DC8B84D9-CCEF-44AD-8F9E-1536E287AE19}.Release|x86.Build.0 = Release|Any CPU
		{BA99BC00-6B45-46E4-8B64-70719A628257}.Debug|Any CPU.ActiveCfg = Debug|Any CPU
		{BA99BC00-6B45-46E4-8B64-70719A628257}.Debug|Any CPU.Build.0 = Debug|Any CPU
		{BA99BC00-6B45-46E4-8B64-70719A628257}.Debug|x64.ActiveCfg = Debug|Any CPU
		{BA99BC00-6B45-46E4-8B64-70719A628257}.Debug|x64.Build.0 = Debug|Any CPU
		{BA99BC00-6B45-46E4-8B64-70719A628257}.Debug|x86.ActiveCfg = Debug|Any CPU
		{BA99BC00-6B45-46E4-8B64-70719A628257}.Debug|x86.Build.0 = Debug|Any CPU
		{BA99BC00-6B45-46E4-8B64-70719A628257}.Release|Any CPU.ActiveCfg = Release|Any CPU
		{BA99BC00-6B45-46E4-8B64-70719A628257}.Release|Any CPU.Build.0 = Release|Any CPU
		{BA99BC00-6B45-46E4-8B64-70719A628257}.Release|x64.ActiveCfg = Release|Any CPU
		{BA99BC00-6B45-46E4-8B64-70719A628257}.Release|x64.Build.0 = Release|Any CPU
		{BA99BC00-6B45-46E4-8B64-70719A628257}.Release|x86.ActiveCfg = Release|Any CPU
		{BA99BC00-6B45-46E4-8B64-70719A628257}.Release|x86.Build.0 = Release|Any CPU
		{9AE11C67-9D01-483C-B028-9C41C2879962}.Debug|Any CPU.ActiveCfg = Debug|Any CPU
		{9AE11C67-9D01-483C-B028-9C41C2879962}.Debug|Any CPU.Build.0 = Debug|Any CPU
		{9AE11C67-9D01-483C-B028-9C41C2879962}.Debug|x64.ActiveCfg = Debug|Any CPU
		{9AE11C67-9D01-483C-B028-9C41C2879962}.Debug|x64.Build.0 = Debug|Any CPU
		{9AE11C67-9D01-483C-B028-9C41C2879962}.Debug|x86.ActiveCfg = Debug|Any CPU
		{9AE11C67-9D01-483C-B028-9C41C2879962}.Debug|x86.Build.0 = Debug|Any CPU
		{9AE11C67-9D01-483C-B028-9C41C2879962}.Release|Any CPU.ActiveCfg = Release|Any CPU
		{9AE11C67-9D01-483C-B028-9C41C2879962}.Release|Any CPU.Build.0 = Release|Any CPU
		{9AE11C67-9D01-483C-B028-9C41C2879962}.Release|x64.ActiveCfg = Release|Any CPU
		{9AE11C67-9D01-483C-B028-9C41C2879962}.Release|x64.Build.0 = Release|Any CPU
		{9AE11C67-9D01-483C-B028-9C41C2879962}.Release|x86.ActiveCfg = Release|Any CPU
		{9AE11C67-9D01-483C-B028-9C41C2879962}.Release|x86.Build.0 = Release|Any CPU
	EndGlobalSection
	GlobalSection(SolutionProperties) = preSolution
		HideSolutionNode = FALSE
	EndGlobalSection
	GlobalSection(ExtensibilityGlobals) = postSolution
		SolutionGuid = {5C4951D5-13AE-4C4A-8F16-F116845AB373}
	EndGlobalSection
EndGlobal
